
Microsoft Visual Studio Solution File, Format Version 12.00
# Visual Studio Version 17
VisualStudioVersion = 17.7.34202.233
MinimumVisualStudioVersion = 10.0.40219.1
Project("{9A19103F-16F7-4668-BE54-9A1E7A4F7556}") = "Day1", "Day1\Day1.csproj", "{DAAF6278-4DF3-4699-8246-60FB5E5280B0}"
EndProject
Project("{FAE04EC0-301F-11D3-BF4B-00C04F79EFBC}") = "Day2", "Day2\Day2.csproj", "{A054A11D-E560-4EF8-8E26-EE75EB9D5370}"
EndProject
Project("{FAE04EC0-301F-11D3-BF4B-00C04F79EFBC}") = "Day3", "Day3\Day3.csproj", "{78D3EF4D-280D-4FB3-A91E-E2ED859FB60E}"
EndProject
Global
	GlobalSection(SolutionConfigurationPlatforms) = preSolution
		Debug|Any CPU = Debug|Any CPU
		Release|Any CPU = Release|Any CPU
	EndGlobalSection
	GlobalSection(ProjectConfigurationPlatforms) = postSolution
		{DAAF6278-4DF3-4699-8246-60FB5E5280B0}.Debug|Any CPU.ActiveCfg = Debug|Any CPU
		{DAAF6278-4DF3-4699-8246-60FB5E5280B0}.Debug|Any CPU.Build.0 = Debug|Any CPU
		{DAAF6278-4DF3-4699-8246-60FB5E5280B0}.Release|Any CPU.ActiveCfg = Release|Any CPU
		{DAAF6278-4DF3-4699-8246-60FB5E5280B0}.Release|Any CPU.Build.0 = Release|Any CPU
		{A054A11D-E560-4EF8-8E26-EE75EB9D5370}.Debug|Any CPU.ActiveCfg = Debug|Any CPU
		{A054A11D-E560-4EF8-8E26-EE75EB9D5370}.Debug|Any CPU.Build.0 = Debug|Any CPU
		{A054A11D-E560-4EF8-8E26-EE75EB9D5370}.Release|Any CPU.ActiveCfg = Release|Any CPU
		{A054A11D-E560-4EF8-8E26-EE75EB9D5370}.Release|Any CPU.Build.0 = Release|Any CPU
		{78D3EF4D-280D-4FB3-A91E-E2ED859FB60E}.Debug|Any CPU.ActiveCfg = Debug|Any CPU
		{78D3EF4D-280D-4FB3-A91E-E2ED859FB60E}.Debug|Any CPU.Build.0 = Debug|Any CPU
		{78D3EF4D-280D-4FB3-A91E-E2ED859FB60E}.Release|Any CPU.ActiveCfg = Release|Any CPU
		{78D3EF4D-280D-4FB3-A91E-E2ED859FB60E}.Release|Any CPU.Build.0 = Release|Any CPU
	EndGlobalSection
	GlobalSection(SolutionProperties) = preSolution
		HideSolutionNode = FALSE
	EndGlobalSection
	GlobalSection(ExtensibilityGlobals) = postSolution
		SolutionGuid = {E71E5128-86A9-4AA6-B4F2-1A42D98A83CB}
	EndGlobalSection
EndGlobal
